
Microsoft Visual Studio Solution File, Format Version 12.00
# Visual Studio Version 17
VisualStudioVersion = 17.4.33205.214
MinimumVisualStudioVersion = 10.0.40219.1
Project("{FAE04EC0-301F-11D3-BF4B-00C04F79EFBC}") = "AppConsolaSimulacroLlenarEncuesta", "AppConsolaSimulacroLlenarEncuesta\AppConsolaSimulacroLlenarEncuesta.csproj", "{17B8EC31-A7BC-4E34-BD01-F25636E6F9A6}"
EndProject
Global
	GlobalSection(SolutionConfigurationPlatforms) = preSolution
		Debug|Any CPU = Debug|Any CPU
		Release|Any CPU = Release|Any CPU
	EndGlobalSection
	GlobalSection(ProjectConfigurationPlatforms) = postSolution
		{17B8EC31-A7BC-4E34-BD01-F25636E6F9A6}.Debug|Any CPU.ActiveCfg = Debug|Any CPU
		{17B8EC31-A7BC-4E34-BD01-F25636E6F9A6}.Debug|Any CPU.Build.0 = Debug|Any CPU
		{17B8EC31-A7BC-4E34-BD01-F25636E6F9A6}.Release|Any CPU.ActiveCfg = Release|Any CPU
		{17B8EC31-A7BC-4E34-BD01-F25636E6F9A6}.Release|Any CPU.Build.0 = Release|Any CPU
	EndGlobalSection
	GlobalSection(SolutionProperties) = preSolution
		HideSolutionNode = FALSE
	EndGlobalSection
	GlobalSection(ExtensibilityGlobals) = postSolution
		SolutionGuid = {48B25E31-D868-4612-AAE4-B128E235D839}
	EndGlobalSection
EndGlobal
